
Microsoft Visual Studio Solution File, Format Version 12.00
# Visual Studio Version 16
VisualStudioVersion = 16.0.29609.76
MinimumVisualStudioVersion = 10.0.40219.1
Project("{FAE04EC0-301F-11D3-BF4B-00C04F79EFBC}") = "TriBeforeYouBuy", "TriBeforeYouBuy\TriBeforeYouBuy.csproj", "{89959CC5-EAB0-4539-95B7-A26F6EEEE522}"
EndProject
Global
	GlobalSection(SolutionConfigurationPlatforms) = preSolution
		Debug|Any CPU = Debug|Any CPU
		Release|Any CPU = Release|Any CPU
	EndGlobalSection
	GlobalSection(ProjectConfigurationPlatforms) = postSolution
		{89959CC5-EAB0-4539-95B7-A26F6EEEE522}.Debug|Any CPU.ActiveCfg = Debug|Any CPU
		{89959CC5-EAB0-4539-95B7-A26F6EEEE522}.Debug|Any CPU.Build.0 = Debug|Any CPU
		{89959CC5-EAB0-4539-95B7-A26F6EEEE522}.Release|Any CPU.ActiveCfg = Release|Any CPU
		{89959CC5-EAB0-4539-95B7-A26F6EEEE522}.Release|Any CPU.Build.0 = Release|Any CPU
	EndGlobalSection
	GlobalSection(SolutionProperties) = preSolution
		HideSolutionNode = FALSE
	EndGlobalSection
	GlobalSection(ExtensibilityGlobals) = postSolution
		SolutionGuid = {D8BCB3F3-D787-4A0C-AF30-8898EB54BA45}
	EndGlobalSection
EndGlobal
